
Microsoft Visual Studio Solution File, Format Version 12.00
# Visual Studio Version 17
VisualStudioVersion = 17.10.35013.160
MinimumVisualStudioVersion = 10.0.40219.1
Project("{FAE04EC0-301F-11D3-BF4B-00C04F79EFBC}") = "MemoryHackingTool", "MemoryHackingTool.csproj", "{87EEB8E1-A2D8-4C2D-9E2A-E86037E43630}"
EndProject
Global
	GlobalSection(SolutionConfigurationPlatforms) = preSolution
		Debug|Any CPU = Debug|Any CPU
		Release|Any CPU = Release|Any CPU
	EndGlobalSection
	GlobalSection(ProjectConfigurationPlatforms) = postSolution
		{87EEB8E1-A2D8-4C2D-9E2A-E86037E43630}.Debug|Any CPU.ActiveCfg = Debug|Any CPU
		{87EEB8E1-A2D8-4C2D-9E2A-E86037E43630}.Debug|Any CPU.Build.0 = Debug|Any CPU
		{87EEB8E1-A2D8-4C2D-9E2A-E86037E43630}.Release|Any CPU.ActiveCfg = Release|Any CPU
		{87EEB8E1-A2D8-4C2D-9E2A-E86037E43630}.Release|Any CPU.Build.0 = Release|Any CPU
	EndGlobalSection
	GlobalSection(SolutionProperties) = preSolution
		HideSolutionNode = FALSE
	EndGlobalSection
	GlobalSection(ExtensibilityGlobals) = postSolution
		SolutionGuid = {F21D19C1-5F51-4E78-80F5-9F1686A2FA11}
	EndGlobalSection
EndGlobal
